
Microsoft Visual Studio Solution File, Format Version 12.00
# Visual Studio 15
VisualStudioVersion = 15.0.26124.0
MinimumVisualStudioVersion = 15.0.26124.0
Project("{FAE04EC0-301F-11D3-BF4B-00C04F79EFBC}") = "AIMeetingAssistant.API", "AIMeetingAssistant.API\AIMeetingAssistant.API.csproj", "{A506E074-0A54-43E8-ACB4-727F347A8C4C}"
EndProject
Project("{FAE04EC0-301F-11D3-BF4B-00C04F79EFBC}") = "AIMeetingAssistant.Core", "AIMeetingAssistant.Core\AIMeetingAssistant.Core.csproj", "{E2E11D15-2FE5-4E1D-A082-3ADCFEED029B}"
EndProject
Project("{FAE04EC0-301F-11D3-BF4B-00C04F79EFBC}") = "AIMeetingAssistant.Infrastructure", "AIMeetingAssistant.Infrastructure\AIMeetingAssistant.Infrastructure.csproj", "{25F6C3FF-E981-4898-AD67-E3D1C4A17199}"
EndProject
Global
	GlobalSection(SolutionConfigurationPlatforms) = preSolution
		Debug|Any CPU = Debug|Any CPU
		Debug|x64 = Debug|x64
		Debug|x86 = Debug|x86
		Release|Any CPU = Release|Any CPU
		Release|x64 = Release|x64
		Release|x86 = Release|x86
	EndGlobalSection
	GlobalSection(SolutionProperties) = preSolution
		HideSolutionNode = FALSE
	EndGlobalSection
	GlobalSection(ProjectConfigurationPlatforms) = postSolution
		{A506E074-0A54-43E8-ACB4-727F347A8C4C}.Debug|Any CPU.ActiveCfg = Debug|Any CPU
		{A506E074-0A54-43E8-ACB4-727F347A8C4C}.Debug|Any CPU.Build.0 = Debug|Any CPU
		{A506E074-0A54-43E8-ACB4-727F347A8C4C}.Debug|x64.ActiveCfg = Debug|Any CPU
		{A506E074-0A54-43E8-ACB4-727F347A8C4C}.Debug|x64.Build.0 = Debug|Any CPU
		{A506E074-0A54-43E8-ACB4-727F347A8C4C}.Debug|x86.ActiveCfg = Debug|Any CPU
		{A506E074-0A54-43E8-ACB4-727F347A8C4C}.Debug|x86.Build.0 = Debug|Any CPU
		{A506E074-0A54-43E8-ACB4-727F347A8C4C}.Release|Any CPU.ActiveCfg = Release|Any CPU
		{A506E074-0A54-43E8-ACB4-727F347A8C4C}.Release|Any CPU.Build.0 = Release|Any CPU
		{A506E074-0A54-43E8-ACB4-727F347A8C4C}.Release|x64.ActiveCfg = Release|Any CPU
		{A506E074-0A54-43E8-ACB4-727F347A8C4C}.Release|x64.Build.0 = Release|Any CPU
		{A506E074-0A54-43E8-ACB4-727F347A8C4C}.Release|x86.ActiveCfg = Release|Any CPU
		{A506E074-0A54-43E8-ACB4-727F347A8C4C}.Release|x86.Build.0 = Release|Any CPU
		{E2E11D15-2FE5-4E1D-A082-3ADCFEED029B}.Debug|Any CPU.ActiveCfg = Debug|Any CPU
		{E2E11D15-2FE5-4E1D-A082-3ADCFEED029B}.Debug|Any CPU.Build.0 = Debug|Any CPU
		{E2E11D15-2FE5-4E1D-A082-3ADCFEED029B}.Debug|x64.ActiveCfg = Debug|Any CPU
		{E2E11D15-2FE5-4E1D-A082-3ADCFEED029B}.Debug|x64.Build.0 = Debug|Any CPU
		{E2E11D15-2FE5-4E1D-A082-3ADCFEED029B}.Debug|x86.ActiveCfg = Debug|Any CPU
		{E2E11D15-2FE5-4E1D-A082-3ADCFEED029B}.Debug|x86.Build.0 = Debug|Any CPU
		{E2E11D15-2FE5-4E1D-A082-3ADCFEED029B}.Release|Any CPU.ActiveCfg = Release|Any CPU
		{E2E11D15-2FE5-4E1D-A082-3ADCFEED029B}.Release|Any CPU.Build.0 = Release|Any CPU
		{E2E11D15-2FE5-4E1D-A082-3ADCFEED029B}.Release|x64.ActiveCfg = Release|Any CPU
		{E2E11D15-2FE5-4E1D-A082-3ADCFEED029B}.Release|x64.Build.0 = Release|Any CPU
		{E2E11D15-2FE5-4E1D-A082-3ADCFEED029B}.Release|x86.ActiveCfg = Release|Any CPU
		{E2E11D15-2FE5-4E1D-A082-3ADCFEED029B}.Release|x86.Build.0 = Release|Any CPU
		{25F6C3FF-E981-4898-AD67-E3D1C4A17199}.Debug|Any CPU.ActiveCfg = Debug|Any CPU
		{25F6C3FF-E981-4898-AD67-E3D1C4A17199}.Debug|Any CPU.Build.0 = Debug|Any CPU
		{25F6C3FF-E981-4898-AD67-E3D1C4A17199}.Debug|x64.ActiveCfg = Debug|Any CPU
		{25F6C3FF-E981-4898-AD67-E3D1C4A17199}.Debug|x64.Build.0 = Debug|Any CPU
		{25F6C3FF-E981-4898-AD67-E3D1C4A17199}.Debug|x86.ActiveCfg = Debug|Any CPU
		{25F6C3FF-E981-4898-AD67-E3D1C4A17199}.Debug|x86.Build.0 = Debug|Any CPU
		{25F6C3FF-E981-4898-AD67-E3D1C4A17199}.Release|Any CPU.ActiveCfg = Release|Any CPU
		{25F6C3FF-E981-4898-AD67-E3D1C4A17199}.Release|Any CPU.Build.0 = Release|Any CPU
		{25F6C3FF-E981-4898-AD67-E3D1C4A17199}.Release|x64.ActiveCfg = Release|Any CPU
		{25F6C3FF-E981-4898-AD67-E3D1C4A17199}.Release|x64.Build.0 = Release|Any CPU
		{25F6C3FF-E981-4898-AD67-E3D1C4A17199}.Release|x86.ActiveCfg = Release|Any CPU
		{25F6C3FF-E981-4898-AD67-E3D1C4A17199}.Release|x86.Build.0 = Release|Any CPU
	EndGlobalSection
EndGlobal
